
Microsoft Visual Studio Solution File, Format Version 12.00
# Visual Studio Version 17
VisualStudioVersion = 17.11.35327.3
MinimumVisualStudioVersion = 10.0.40219.1
Project("{FAE04EC0-301F-11D3-BF4B-00C04F79EFBC}") = "Profescipta Sales Order", "Profescipta Sales Order.csproj", "{26BF25E2-79C7-4027-B33E-C2B5459DF781}"
EndProject
Global
	GlobalSection(SolutionConfigurationPlatforms) = preSolution
		Debug|Any CPU = Debug|Any CPU
		Release|Any CPU = Release|Any CPU
	EndGlobalSection
	GlobalSection(ProjectConfigurationPlatforms) = postSolution
		{26BF25E2-79C7-4027-B33E-C2B5459DF781}.Debug|Any CPU.ActiveCfg = Debug|Any CPU
		{26BF25E2-79C7-4027-B33E-C2B5459DF781}.Debug|Any CPU.Build.0 = Debug|Any CPU
		{26BF25E2-79C7-4027-B33E-C2B5459DF781}.Release|Any CPU.ActiveCfg = Release|Any CPU
		{26BF25E2-79C7-4027-B33E-C2B5459DF781}.Release|Any CPU.Build.0 = Release|Any CPU
	EndGlobalSection
	GlobalSection(SolutionProperties) = preSolution
		HideSolutionNode = FALSE
	EndGlobalSection
	GlobalSection(ExtensibilityGlobals) = postSolution
		SolutionGuid = {914FDC29-4B73-4693-ACF2-1916A3A86923}
	EndGlobalSection
EndGlobal
